// !$*UTF8*$!
{
	archiveVersion = 1;
	classes = {
	};
	objectVersion = 46;
	objects = {

/* Begin PBXBuildFile section */
		DC053F651D0FF8E500F5C3F6 /* main.m in Sources */ = {isa = PBXBuildFile; fileRef = DC053F641D0FF8E500F5C3F6 /* main.m */; };
		DC053F681D0FF8E500F5C3F6 /* AppDelegate.m in Sources */ = {isa = PBXBuildFile; fileRef = DC053F671D0FF8E500F5C3F6 /* AppDelegate.m */; };
		DC053F701D0FF8E500F5C3F6 /* Assets.xcassets in Resources */ = {isa = PBXBuildFile; fileRef = DC053F6F1D0FF8E500F5C3F6 /* Assets.xcassets */; };
		DC053F731D0FF8E500F5C3F6 /* LaunchScreen.storyboard in Resources */ = {isa = PBXBuildFile; fileRef = DC053F711D0FF8E500F5C3F6 /* LaunchScreen.storyboard */; };
		DC7197FA1D107E9E007A7F5A /* Podfile in Resources */ = {isa = PBXBuildFile; fileRef = DC7197F91D107E9E007A7F5A /* Podfile */; };
		DC7197FC1D107EAA007A7F5A /* Podfile.lock in Resources */ = {isa = PBXBuildFile; fileRef = DC7197FB1D107EAA007A7F5A /* Podfile.lock */; };
		DC7197FE1D10812B007A7F5A /* about_hd@2x.png in Resources */ = {isa = PBXBuildFile; fileRef = DC7197FD1D10812B007A7F5A /* about_hd@2x.png */; };
		DC71981A1D10852E007A7F5A /* NSArray+Log.m in Sources */ = {isa = PBXBuildFile; fileRef = DC7198031D10852E007A7F5A /* NSArray+Log.m */; };
		DC71981B1D10852E007A7F5A /* NSAttributedString+CZAdditon.m in Sources */ = {isa = PBXBuildFile; fileRef = DC7198051D10852E007A7F5A /* NSAttributedString+CZAdditon.m */; };
		DC71981C1D10852E007A7F5A /* NSObject+CZRuntime.m in Sources */ = {isa = PBXBuildFile; fileRef = DC7198071D10852E007A7F5A /* NSObject+CZRuntime.m */; };
		DC71981D1D10852E007A7F5A /* NSString+CZBase64.m in Sources */ = {isa = PBXBuildFile; fileRef = DC7198091D10852E007A7F5A /* NSString+CZBase64.m */; };
		DC71981E1D10852E007A7F5A /* NSString+CZHash.m in Sources */ = {isa = PBXBuildFile; fileRef = DC71980B1D10852E007A7F5A /* NSString+CZHash.m */; };
		DC71981F1D10852E007A7F5A /* NSString+CZPath.m in Sources */ = {isa = PBXBuildFile; fileRef = DC71980D1D10852E007A7F5A /* NSString+CZPath.m */; };
		DC7198201D10852E007A7F5A /* UIButton+CZAddition.m in Sources */ = {isa = PBXBuildFile; fileRef = DC71980F1D10852E007A7F5A /* UIButton+CZAddition.m */; };
		DC7198211D10852E007A7F5A /* UIColor+CZAddition.m in Sources */ = {isa = PBXBuildFile; fileRef = DC7198111D10852E007A7F5A /* UIColor+CZAddition.m */; };
		DC7198221D10852E007A7F5A /* UILabel+CZAddition.m in Sources */ = {isa = PBXBuildFile; fileRef = DC7198131D10852E007A7F5A /* UILabel+CZAddition.m */; };
		DC7198231D10852E007A7F5A /* UIScreen+CZAddition.m in Sources */ = {isa = PBXBuildFile; fileRef = DC7198151D10852E007A7F5A /* UIScreen+CZAddition.m */; };
		DC7198241D10852E007A7F5A /* UIView+CZAddition.m in Sources */ = {isa = PBXBuildFile; fileRef = DC7198171D10852E007A7F5A /* UIView+CZAddition.m */; };
		DC7198251D10852E007A7F5A /* UIViewController+CZAddition.m in Sources */ = {isa = PBXBuildFile; fileRef = DC7198191D10852E007A7F5A /* UIViewController+CZAddition.m */; };
/* End PBXBuildFile section */

/* Begin PBXFileReference section */
		DC053F601D0FF8E500F5C3F6 /* WYNews.app */ = {isa = PBXFileReference; explicitFileType = wrapper.application; includeInIndex = 0; path = WYNews.app; sourceTree = BUILT_PRODUCTS_DIR; };
		DC053F641D0FF8E500F5C3F6 /* main.m */ = {isa = PBXFileReference; lastKnownFileType = sourcecode.c.objc; path = main.m; sourceTree = "<group>"; };
		DC053F661D0FF8E500F5C3F6 /* AppDelegate.h */ = {isa = PBXFileReference; lastKnownFileType = sourcecode.c.h; path = AppDelegate.h; sourceTree = "<group>"; };
		DC053F671D0FF8E500F5C3F6 /* AppDelegate.m */ = {isa = PBXFileReference; lastKnownFileType = sourcecode.c.objc; path = AppDelegate.m; sourceTree = "<group>"; };
		DC053F6F1D0FF8E500F5C3F6 /* Assets.xcassets */ = {isa = PBXFileReference; lastKnownFileType = folder.assetcatalog; path = Assets.xcassets; sourceTree = "<group>"; };
		DC053F721D0FF8E500F5C3F6 /* Base */ = {isa = PBXFileReference; lastKnownFileType = file.storyboard; name = Base; path = Base.lproj/LaunchScreen.storyboard; sourceTree = "<group>"; };
		DC053F741D0FF8E500F5C3F6 /* Info.plist */ = {isa = PBXFileReference; lastKnownFileType = text.plist.xml; path = Info.plist; sourceTree = "<group>"; };
		DC053F821D1016D300F5C3F6 /* WYNewsPrefix.pch */ = {isa = PBXFileReference; lastKnownFileType = sourcecode.c.h; path = WYNewsPrefix.pch; sourceTree = "<group>"; };
		DC7197F91D107E9E007A7F5A /* Podfile */ = {isa = PBXFileReference; fileEncoding = 4; lastKnownFileType = text; path = Podfile; sourceTree = "<group>"; };
		DC7197FB1D107EAA007A7F5A /* Podfile.lock */ = {isa = PBXFileReference; fileEncoding = 4; lastKnownFileType = text; path = Podfile.lock; sourceTree = "<group>"; };
		DC7197FD1D10812B007A7F5A /* about_hd@2x.png */ = {isa = PBXFileReference; lastKnownFileType = image.png; path = "about_hd@2x.png"; sourceTree = "<group>"; };
		DC7198011D10852E007A7F5A /* CZAdditions.h */ = {isa = PBXFileReference; fileEncoding = 4; lastKnownFileType = sourcecode.c.h; path = CZAdditions.h; sourceTree = "<group>"; };
		DC7198021D10852E007A7F5A /* NSArray+Log.h */ = {isa = PBXFileReference; fileEncoding = 4; lastKnownFileType = sourcecode.c.h; path = "NSArray+Log.h"; sourceTree = "<group>"; };
		DC7198031D10852E007A7F5A /* NSArray+Log.m */ = {isa = PBXFileReference; fileEncoding = 4; lastKnownFileType = sourcecode.c.objc; path = "NSArray+Log.m"; sourceTree = "<group>"; };
		DC7198041D10852E007A7F5A /* NSAttributedString+CZAdditon.h */ = {isa = PBXFileReference; fileEncoding = 4; lastKnownFileType = sourcecode.c.h; path = "NSAttributedString+CZAdditon.h"; sourceTree = "<group>"; };
		DC7198051D10852E007A7F5A /* NSAttributedString+CZAdditon.m */ = {isa = PBXFileReference; fileEncoding = 4; lastKnownFileType = sourcecode.c.objc; path = "NSAttributedString+CZAdditon.m"; sourceTree = "<group>"; };
		DC7198061D10852E007A7F5A /* NSObject+CZRuntime.h */ = {isa = PBXFileReference; fileEncoding = 4; lastKnownFileType = sourcecode.c.h; path = "NSObject+CZRuntime.h"; sourceTree = "<group>"; };
		DC7198071D10852E007A7F5A /* NSObject+CZRuntime.m */ = {isa = PBXFileReference; fileEncoding = 4; lastKnownFileType = sourcecode.c.objc; path = "NSObject+CZRuntime.m"; sourceTree = "<group>"; };
		DC7198081D10852E007A7F5A /* NSString+CZBase64.h */ = {isa = PBXFileReference; fileEncoding = 4; lastKnownFileType = sourcecode.c.h; path = "NSString+CZBase64.h"; sourceTree = "<group>"; };
		DC7198091D10852E007A7F5A /* NSString+CZBase64.m */ = {isa = PBXFileReference; fileEncoding = 4; lastKnownFileType = sourcecode.c.objc; path = "NSString+CZBase64.m"; sourceTree = "<group>"; };
		DC71980A1D10852E007A7F5A /* NSString+CZHash.h */ = {isa = PBXFileReference; fileEncoding = 4; lastKnownFileType = sourcecode.c.h; path = "NSString+CZHash.h"; sourceTree = "<group>"; };
		DC71980B1D10852E007A7F5A /* NSString+CZHash.m */ = {isa = PBXFileReference; fileEncoding = 4; lastKnownFileType = sourcecode.c.objc; path = "NSString+CZHash.m"; sourceTree = "<group>"; };
		DC71980C1D10852E007A7F5A /* NSString+CZPath.h */ = {isa = PBXFileReference; fileEncoding = 4; lastKnownFileType = sourcecode.c.h; path = "NSString+CZPath.h"; sourceTree = "<group>"; };
		DC71980D1D10852E007A7F5A /* NSString+CZPath.m */ = {isa = PBXFileReference; fileEncoding = 4; lastKnownFileType = sourcecode.c.objc; path = "NSString+CZPath.m"; sourceTree = "<group>"; };
		DC71980E1D10852E007A7F5A /* UIButton+CZAddition.h */ = {isa = PBXFileReference; fileEncoding = 4; lastKnownFileType = sourcecode.c.h; path = "UIButton+CZAddition.h"; sourceTree = "<group>"; };
		DC71980F1D10852E007A7F5A /* UIButton+CZAddition.m */ = {isa = PBXFileReference; fileEncoding = 4; lastKnownFileType = sourcecode.c.objc; path = "UIButton+CZAddition.m"; sourceTree = "<group>"; };
		DC7198101D10852E007A7F5A /* UIColor+CZAddition.h */ = {isa = PBXFileReference; fileEncoding = 4; lastKnownFileType = sourcecode.c.h; path = "UIColor+CZAddition.h"; sourceTree = "<group>"; };
		DC7198111D10852E007A7F5A /* UIColor+CZAddition.m */ = {isa = PBXFileReference; fileEncoding = 4; lastKnownFileType = sourcecode.c.objc; path = "UIColor+CZAddition.m"; sourceTree = "<group>"; };
		DC7198121D10852E007A7F5A /* UILabel+CZAddition.h */ = {isa = PBXFileReference; fileEncoding = 4; lastKnownFileType = sourcecode.c.h; path = "UILabel+CZAddition.h"; sourceTree = "<group>"; };
		DC7198131D10852E007A7F5A /* UILabel+CZAddition.m */ = {isa = PBXFileReference; fileEncoding = 4; lastKnownFileType = sourcecode.c.objc; path = "UILabel+CZAddition.m"; sourceTree = "<group>"; };
		DC7198141D10852E007A7F5A /* UIScreen+CZAddition.h */ = {isa = PBXFileReference; fileEncoding = 4; lastKnownFileType = sourcecode.c.h; path = "UIScreen+CZAddition.h"; sourceTree = "<group>"; };
		DC7198151D10852E007A7F5A /* UIScreen+CZAddition.m */ = {isa = PBXFileReference; fileEncoding = 4; lastKnownFileType = sourcecode.c.objc; path = "UIScreen+CZAddition.m"; sourceTree = "<group>"; };
		DC7198161D10852E007A7F5A /* UIView+CZAddition.h */ = {isa = PBXFileReference; fileEncoding = 4; lastKnownFileType = sourcecode.c.h; path = "UIView+CZAddition.h"; sourceTree = "<group>"; };
		DC7198171D10852E007A7F5A /* UIView+CZAddition.m */ = {isa = PBXFileReference; fileEncoding = 4; lastKnownFileType = sourcecode.c.objc; path = "UIView+CZAddition.m"; sourceTree = "<group>"; };
		DC7198181D10852E007A7F5A /* UIViewController+CZAddition.h */ = {isa = PBXFileReference; fileEncoding = 4; lastKnownFileType = sourcecode.c.h; path = "UIViewController+CZAddition.h"; sourceTree = "<group>"; };
		DC7198191D10852E007A7F5A /* UIViewController+CZAddition.m */ = {isa = PBXFileReference; fileEncoding = 4; lastKnownFileType = sourcecode.c.objc; path = "UIViewController+CZAddition.m"; sourceTree = "<group>"; };
/* End PBXFileReference section */

/* Begin PBXFrameworksBuildPhase section */
		DC053F5D1D0FF8E500F5C3F6 /* Frameworks */ = {
			isa = PBXFrameworksBuildPhase;
			buildActionMask = 2147483647;
			files = (
			);
			runOnlyForDeploymentPostprocessing = 0;
		};
/* End PBXFrameworksBuildPhase section */

/* Begin PBXGroup section */
		DC053F571D0FF8E500F5C3F6 = {
			isa = PBXGroup;
			children = (
				DC053F621D0FF8E500F5C3F6 /* WYNews */,
				DC053F611D0FF8E500F5C3F6 /* Products */,
			);
			sourceTree = "<group>";
		};
		DC053F611D0FF8E500F5C3F6 /* Products */ = {
			isa = PBXGroup;
			children = (
				DC053F601D0FF8E500F5C3F6 /* WYNews.app */,
			);
			name = Products;
			sourceTree = "<group>";
		};
		DC053F621D0FF8E500F5C3F6 /* WYNews */ = {
			isa = PBXGroup;
			children = (
				DC7197FF1D10852E007A7F5A /* Tools */,
				DC053F7A1D0FF9EC00F5C3F6 /* Classes */,
				DC053F661D0FF8E500F5C3F6 /* AppDelegate.h */,
				DC053F671D0FF8E500F5C3F6 /* AppDelegate.m */,
				DC053F631D0FF8E500F5C3F6 /* Supporting Files */,
			);
			path = WYNews;
			sourceTree = "<group>";
		};
		DC053F631D0FF8E500F5C3F6 /* Supporting Files */ = {
			isa = PBXGroup;
			children = (
				DC053F821D1016D300F5C3F6 /* WYNewsPrefix.pch */,
				DC053F6F1D0FF8E500F5C3F6 /* Assets.xcassets */,
				DC7197FD1D10812B007A7F5A /* about_hd@2x.png */,
				DC053F711D0FF8E500F5C3F6 /* LaunchScreen.storyboard */,
				DC7197F91D107E9E007A7F5A /* Podfile */,
				DC7197FB1D107EAA007A7F5A /* Podfile.lock */,
				DC053F741D0FF8E500F5C3F6 /* Info.plist */,
				DC053F641D0FF8E500F5C3F6 /* main.m */,
			);
			name = "Supporting Files";
			sourceTree = "<group>";
		};
		DC053F7A1D0FF9EC00F5C3F6 /* Classes */ = {
			isa = PBXGroup;
			children = (
				DC053F7B1D0FF9EC00F5C3F6 /* Home */,
				DC053F7C1D0FF9EC00F5C3F6 /* Main */,
			);
			path = Classes;
			sourceTree = "<group>";
		};
		DC053F7B1D0FF9EC00F5C3F6 /* Home */ = {
			isa = PBXGroup;
			children = (
			);
			path = Home;
			sourceTree = "<group>";
		};
		DC053F7C1D0FF9EC00F5C3F6 /* Main */ = {
			isa = PBXGroup;
			children = (
				DC053F7D1D0FF9EC00F5C3F6 /* 主页 */,
			);
			path = Main;
			sourceTree = "<group>";
		};
		DC053F7D1D0FF9EC00F5C3F6 /* 主页 */ = {
			isa = PBXGroup;
			children = (
			);
			path = "主页";
			sourceTree = "<group>";
		};
		DC7197FF1D10852E007A7F5A /* Tools */ = {
			isa = PBXGroup;
			children = (
				DC7198001D10852E007A7F5A /* Additions */,
			);
			path = Tools;
			sourceTree = "<group>";
		};
		DC7198001D10852E007A7F5A /* Additions */ = {
			isa = PBXGroup;
			children = (
				DC7198011D10852E007A7F5A /* CZAdditions.h */,
				DC7198021D10852E007A7F5A /* NSArray+Log.h */,
				DC7198031D10852E007A7F5A /* NSArray+Log.m */,
				DC7198041D10852E007A7F5A /* NSAttributedString+CZAdditon.h */,
				DC7198051D10852E007A7F5A /* NSAttributedString+CZAdditon.m */,
				DC7198061D10852E007A7F5A /* NSObject+CZRuntime.h */,
				DC7198071D10852E007A7F5A /* NSObject+CZRuntime.m */,
				DC7198081D10852E007A7F5A /* NSString+CZBase64.h */,
				DC7198091D10852E007A7F5A /* NSString+CZBase64.m */,
				DC71980A1D10852E007A7F5A /* NSString+CZHash.h */,
				DC71980B1D10852E007A7F5A /* NSString+CZHash.m */,
				DC71980C1D10852E007A7F5A /* NSString+CZPath.h */,
				DC71980D1D10852E007A7F5A /* NSString+CZPath.m */,
				DC71980E1D10852E007A7F5A /* UIButton+CZAddition.h */,
				DC71980F1D10852E007A7F5A /* UIButton+CZAddition.m */,
				DC7198101D10852E007A7F5A /* UIColor+CZAddition.h */,
				DC7198111D10852E007A7F5A /* UIColor+CZAddition.m */,
				DC7198121D10852E007A7F5A /* UILabel+CZAddition.h */,
				DC7198131D10852E007A7F5A /* UILabel+CZAddition.m */,
				DC7198141D10852E007A7F5A /* UIScreen+CZAddition.h */,
				DC7198151D10852E007A7F5A /* UIScreen+CZAddition.m */,
				DC7198161D10852E007A7F5A /* UIView+CZAddition.h */,
				DC7198171D10852E007A7F5A /* UIView+CZAddition.m */,
				DC7198181D10852E007A7F5A /* UIViewController+CZAddition.h */,
				DC7198191D10852E007A7F5A /* UIViewController+CZAddition.m */,
			);
			path = Additions;
			sourceTree = "<group>";
		};
/* End PBXGroup section */

/* Begin PBXNativeTarget section */
		DC053F5F1D0FF8E500F5C3F6 /* WYNews */ = {
			isa = PBXNativeTarget;
			buildConfigurationList = DC053F771D0FF8E500F5C3F6 /* Build configuration list for PBXNativeTarget "WYNews" */;
			buildPhases = (
				DC053F5C1D0FF8E500F5C3F6 /* Sources */,
				DC053F5D1D0FF8E500F5C3F6 /* Frameworks */,
				DC053F5E1D0FF8E500F5C3F6 /* Resources */,
			);
			buildRules = (
			);
			dependencies = (
			);
			name = WYNews;
			productName = WYNews;
			productReference = DC053F601D0FF8E500F5C3F6 /* WYNews.app */;
			productType = "com.apple.product-type.application";
		};
/* End PBXNativeTarget section */

/* Begin PBXProject section */
		DC053F581D0FF8E500F5C3F6 /* Project object */ = {
			isa = PBXProject;
			attributes = {
				CLASSPREFIX = WY;
				LastUpgradeCheck = 0730;
				ORGANIZATIONNAME = CrazyHacker;
				TargetAttributes = {
					DC053F5F1D0FF8E500F5C3F6 = {
						CreatedOnToolsVersion = 7.3.1;
					};
				};
			};
			buildConfigurationList = DC053F5B1D0FF8E500F5C3F6 /* Build configuration list for PBXProject "WYNews" */;
			compatibilityVersion = "Xcode 3.2";
			developmentRegion = English;
			hasScannedForEncodings = 0;
			knownRegions = (
				en,
				Base,
			);
			mainGroup = DC053F571D0FF8E500F5C3F6;
			productRefGroup = DC053F611D0FF8E500F5C3F6 /* Products */;
			projectDirPath = "";
			projectRoot = "";
			targets = (
				DC053F5F1D0FF8E500F5C3F6 /* WYNews */,
			);
		};
/* End PBXProject section */

/* Begin PBXResourcesBuildPhase section */
		DC053F5E1D0FF8E500F5C3F6 /* Resources */ = {
			isa = PBXResourcesBuildPhase;
			buildActionMask = 2147483647;
			files = (
				DC7197FA1D107E9E007A7F5A /* Podfile in Resources */,
				DC053F731D0FF8E500F5C3F6 /* LaunchScreen.storyboard in Resources */,
				DC7197FC1D107EAA007A7F5A /* Podfile.lock in Resources */,
				DC7197FE1D10812B007A7F5A /* about_hd@2x.png in Resources */,
				DC053F701D0FF8E500F5C3F6 /* Assets.xcassets in Resources */,
			);
			runOnlyForDeploymentPostprocessing = 0;
		};
/* End PBXResourcesBuildPhase section */

/* Begin PBXSourcesBuildPhase section */
		DC053F5C1D0FF8E500F5C3F6 /* Sources */ = {
			isa = PBXSourcesBuildPhase;
			buildActionMask = 2147483647;
			files = (
				DC7198211D10852E007A7F5A /* UIColor+CZAddition.m in Sources */,
				DC71981B1D10852E007A7F5A /* NSAttributedString+CZAdditon.m in Sources */,
				DC71981F1D10852E007A7F5A /* NSString+CZPath.m in Sources */,
				DC71981A1D10852E007A7F5A /* NSArray+Log.m in Sources */,
				DC053F681D0FF8E500F5C3F6 /* AppDelegate.m in Sources */,
				DC7198201D10852E007A7F5A /* UIButton+CZAddition.m in Sources */,
				DC7198241D10852E007A7F5A /* UIView+CZAddition.m in Sources */,
				DC71981E1D10852E007A7F5A /* NSString+CZHash.m in Sources */,
				DC7198221D10852E007A7F5A /* UILabel+CZAddition.m in Sources */,
				DC71981D1D10852E007A7F5A /* NSString+CZBase64.m in Sources */,
				DC71981C1D10852E007A7F5A /* NSObject+CZRuntime.m in Sources */,
				DC7198251D10852E007A7F5A /* UIViewController+CZAddition.m in Sources */,
				DC7198231D10852E007A7F5A /* UIScreen+CZAddition.m in Sources */,
				DC053F651D0FF8E500F5C3F6 /* main.m in Sources */,
			);
			runOnlyForDeploymentPostprocessing = 0;
		};
/* End PBXSourcesBuildPhase section */

/* Begin PBXVariantGroup section */
		DC053F711D0FF8E500F5C3F6 /* LaunchScreen.storyboard */ = {
			isa = PBXVariantGroup;
			children = (
				DC053F721D0FF8E500F5C3F6 /* Base */,
			);
			name = LaunchScreen.storyboard;
			sourceTree = "<group>";
		};
/* End PBXVariantGroup section */

/* Begin XCBuildConfiguration section */
		DC053F751D0FF8E500F5C3F6 /* Debug */ = {
			isa = XCBuildConfiguration;
			buildSettings = {
				ALWAYS_SEARCH_USER_PATHS = NO;
				CLANG_ANALYZER_NONNULL = YES;
				CLANG_CXX_LANGUAGE_STANDARD = "gnu++0x";
				CLANG_CXX_LIBRARY = "libc++";
				CLANG_ENABLE_MODULES = YES;
				CLANG_ENABLE_OBJC_ARC = YES;
				CLANG_WARN_BOOL_CONVERSION = YES;
				CLANG_WARN_CONSTANT_CONVERSION = YES;
				CLANG_WARN_DIRECT_OBJC_ISA_USAGE = YES_ERROR;
				CLANG_WARN_EMPTY_BODY = YES;
				CLANG_WARN_ENUM_CONVERSION = YES;
				CLANG_WARN_INT_CONVERSION = YES;
				CLANG_WARN_OBJC_ROOT_CLASS = YES_ERROR;
				CLANG_WARN_UNREACHABLE_CODE = YES;
				CLANG_WARN__DUPLICATE_METHOD_MATCH = YES;
				"CODE_SIGN_IDENTITY[sdk=iphoneos*]" = "iPhone Developer";
				COPY_PHASE_STRIP = NO;
				DEBUG_INFORMATION_FORMAT = dwarf;
				ENABLE_STRICT_OBJC_MSGSEND = YES;
				ENABLE_TESTABILITY = YES;
				GCC_C_LANGUAGE_STANDARD = gnu99;
				GCC_DYNAMIC_NO_PIC = NO;
				GCC_NO_COMMON_BLOCKS = YES;
				GCC_OPTIMIZATION_LEVEL = 0;
				GCC_PREPROCESSOR_DEFINITIONS = (
					"DEBUG=1",
					"$(inherited)",
				);
				GCC_WARN_64_TO_32_BIT_CONVERSION = YES;
				GCC_WARN_ABOUT_RETURN_TYPE = YES_ERROR;
				GCC_WARN_UNDECLARED_SELECTOR = YES;
				GCC_WARN_UNINITIALIZED_AUTOS = YES_AGGRESSIVE;
				GCC_WARN_UNUSED_FUNCTION = YES;
				GCC_WARN_UNUSED_VARIABLE = YES;
				IPHONEOS_DEPLOYMENT_TARGET = 9.3;
				MTL_ENABLE_DEBUG_INFO = YES;
				ONLY_ACTIVE_ARCH = YES;
				SDKROOT = iphoneos;
				TARGETED_DEVICE_FAMILY = "1,2";
			};
			name = Debug;
		};
		DC053F761D0FF8E500F5C3F6 /* Release */ = {
			isa = XCBuildConfiguration;
			buildSettings = {
				ALWAYS_SEARCH_USER_PATHS = NO;
				CLANG_ANALYZER_NONNULL = YES;
				CLANG_CXX_LANGUAGE_STANDARD = "gnu++0x";
				CLANG_CXX_LIBRARY = "libc++";
				CLANG_ENABLE_MODULES = YES;
				CLANG_ENABLE_OBJC_ARC = YES;
				CLANG_WARN_BOOL_CONVERSION = YES;
				CLANG_WARN_CONSTANT_CONVERSION = YES;
				CLANG_WARN_DIRECT_OBJC_ISA_USAGE = YES_ERROR;
				CLANG_WARN_EMPTY_BODY = YES;
				CLANG_WARN_ENUM_CONVERSION = YES;
				CLANG_WARN_INT_CONVERSION = YES;
				CLANG_WARN_OBJC_ROOT_CLASS = YES_ERROR;
				CLANG_WARN_UNREACHABLE_CODE = YES;
				CLANG_WARN__DUPLICATE_METHOD_MATCH = YES;
				"CODE_SIGN_IDENTITY[sdk=iphoneos*]" = "iPhone Developer";
				COPY_PHASE_STRIP = NO;
				DEBUG_INFORMATION_FORMAT = "dwarf-with-dsym";
				ENABLE_NS_ASSERTIONS = NO;
				ENABLE_STRICT_OBJC_MSGSEND = YES;
				GCC_C_LANGUAGE_STANDARD = gnu99;
				GCC_NO_COMMON_BLOCKS = YES;
				GCC_WARN_64_TO_32_BIT_CONVERSION = YES;
				GCC_WARN_ABOUT_RETURN_TYPE = YES_ERROR;
				GCC_WARN_UNDECLARED_SELECTOR = YES;
				GCC_WARN_UNINITIALIZED_AUTOS = YES_AGGRESSIVE;
				GCC_WARN_UNUSED_FUNCTION = YES;
				GCC_WARN_UNUSED_VARIABLE = YES;
				IPHONEOS_DEPLOYMENT_TARGET = 9.3;
				MTL_ENABLE_DEBUG_INFO = NO;
				SDKROOT = iphoneos;
				TARGETED_DEVICE_FAMILY = "1,2";
				VALIDATE_PRODUCT = YES;
			};
			name = Release;
		};
		DC053F781D0FF8E500F5C3F6 /* Debug */ = {
			isa = XCBuildConfiguration;
			buildSettings = {
				ASSETCATALOG_COMPILER_APPICON_NAME = AppIcon;
				GCC_PREFIX_HEADER = WYNews/WYNewsPrefix.pch;
				INFOPLIST_FILE = WYNews/Info.plist;
				IPHONEOS_DEPLOYMENT_TARGET = 8.0;
				LD_RUNPATH_SEARCH_PATHS = "$(inherited) @executable_path/Frameworks";
				PRODUCT_BUNDLE_IDENTIFIER = cn.CrazyHacker.WYNews;
				PRODUCT_NAME = "$(TARGET_NAME)";
				TARGETED_DEVICE_FAMILY = 1;
			};
			name = Debug;
		};
		DC053F791D0FF8E500F5C3F6 /* Release */ = {
			isa = XCBuildConfiguration;
			buildSettings = {
				ASSETCATALOG_COMPILER_APPICON_NAME = AppIcon;
				GCC_PREFIX_HEADER = WYNews/WYNewsPrefix.pch;
				INFOPLIST_FILE = WYNews/Info.plist;
				IPHONEOS_DEPLOYMENT_TARGET = 8.0;
				LD_RUNPATH_SEARCH_PATHS = "$(inherited) @executable_path/Frameworks";
				PRODUCT_BUNDLE_IDENTIFIER = cn.CrazyHacker.WYNews;
				PRODUCT_NAME = "$(TARGET_NAME)";
				TARGETED_DEVICE_FAMILY = 1;
			};
			name = Release;
		};
/* End XCBuildConfiguration section */

/* Begin XCConfigurationList section */
		DC053F5B1D0FF8E500F5C3F6 /* Build configuration list for PBXProject "WYNews" */ = {
			isa = XCConfigurationList;
			buildConfigurations = (
				DC053F751D0FF8E500F5C3F6 /* Debug */,
				DC053F761D0FF8E500F5C3F6 /* Release */,
			);
			defaultConfigurationIsVisible = 0;
			defaultConfigurationName = Release;
		};
		DC053F771D0FF8E500F5C3F6 /* Build configuration list for PBXNativeTarget "WYNews" */ = {
			isa = XCConfigurationList;
			buildConfigurations = (
				DC053F781D0FF8E500F5C3F6 /* Debug */,
				DC053F791D0FF8E500F5C3F6 /* Release */,
			);
			defaultConfigurationIsVisible = 0;
			defaultConfigurationName = Release;
		};
/* End XCConfigurationList section */
	};
	rootObject = DC053F581D0FF8E500F5C3F6 /* Project object */;
}
